// !$*UTF8*$!
{
	archiveVersion = 1;
	classes = {
	};
	objectVersion = 46;
	objects = {

/* Begin PBXBuildFile section */
		241EE4F21E9ED8FA00FA8408 /* SessionDraw.swift in Sources */ = {isa = PBXBuildFile; fileRef = 241EE4F11E9ED8FA00FA8408 /* SessionDraw.swift */; };
		2439BEFD1E84BADD00FFB108 /* SessionMusicDisplay.swift in Sources */ = {isa = PBXBuildFile; fileRef = 2439BEFC1E84BADD00FFB108 /* SessionMusicDisplay.swift */; };
		245B535D1EB2547400E3EF8B /* Options.swift in Sources */ = {isa = PBXBuildFile; fileRef = 245B535C1EB2547400E3EF8B /* Options.swift */; };
		247B10871EB2684900D48BAA /* SongSelect.swift in Sources */ = {isa = PBXBuildFile; fileRef = 247B10861EB2684900D48BAA /* SongSelect.swift */; };
		247DC58A1E8215730005B489 /* Lobby.swift in Sources */ = {isa = PBXBuildFile; fileRef = 247DC5891E8215730005B489 /* Lobby.swift */; };
		247DC59B1E821D590005B489 /* FBFile.swift in Sources */ = {isa = PBXBuildFile; fileRef = 247DC5901E821D590005B489 /* FBFile.swift */; };
		247DC59C1E821D590005B489 /* FileBrowser.h in Sources */ = {isa = PBXBuildFile; fileRef = 247DC5911E821D590005B489 /* FileBrowser.h */; };
		247DC59D1E821D590005B489 /* FileBrowser.swift in Sources */ = {isa = PBXBuildFile; fileRef = 247DC5921E821D590005B489 /* FileBrowser.swift */; };
		247DC59E1E821D590005B489 /* FileListPreview.swift in Sources */ = {isa = PBXBuildFile; fileRef = 247DC5931E821D590005B489 /* FileListPreview.swift */; };
		247DC59F1E821D590005B489 /* FileListSearch.swift in Sources */ = {isa = PBXBuildFile; fileRef = 247DC5941E821D590005B489 /* FileListSearch.swift */; };
		247DC5A01E821D590005B489 /* FileListTableView.swift in Sources */ = {isa = PBXBuildFile; fileRef = 247DC5951E821D590005B489 /* FileListTableView.swift */; };
		247DC5A11E821D590005B489 /* FileListViewController.swift in Sources */ = {isa = PBXBuildFile; fileRef = 247DC5961E821D590005B489 /* FileListViewController.swift */; };
		247DC5A21E821D590005B489 /* FileParser.swift in Sources */ = {isa = PBXBuildFile; fileRef = 247DC5971E821D590005B489 /* FileParser.swift */; };
		247DC5A31E821D590005B489 /* PreviewManager.swift in Sources */ = {isa = PBXBuildFile; fileRef = 247DC5981E821D590005B489 /* PreviewManager.swift */; };
		247DC5A41E821D590005B489 /* PreviewTransitionViewController.swift in Sources */ = {isa = PBXBuildFile; fileRef = 247DC5991E821D590005B489 /* PreviewTransitionViewController.swift */; };
		247DC5A51E821D590005B489 /* WebviewPreviewViewContoller.swift in Sources */ = {isa = PBXBuildFile; fileRef = 247DC59A1E821D590005B489 /* WebviewPreviewViewContoller.swift */; };
		247DC5B11E8221C70005B489 /* .DS_Store in Resources */ = {isa = PBXBuildFile; fileRef = 247DC5A71E8221C70005B489 /* .DS_Store */; };
		247DC5B21E8221C70005B489 /* documents@2x.png in Resources */ = {isa = PBXBuildFile; fileRef = 247DC5A81E8221C70005B489 /* documents@2x.png */; };
		247DC5B31E8221C70005B489 /* file@2x.png in Resources */ = {isa = PBXBuildFile; fileRef = 247DC5A91E8221C70005B489 /* file@2x.png */; };
		247DC5B41E8221C70005B489 /* FileBrowser.xib in Resources */ = {isa = PBXBuildFile; fileRef = 247DC5AA1E8221C70005B489 /* FileBrowser.xib */; };
		247DC5B51E8221C70005B489 /* folder@2x.png in Resources */ = {isa = PBXBuildFile; fileRef = 247DC5AB1E8221C70005B489 /* folder@2x.png */; };
		247DC5B61E8221C70005B489 /* image@2x.png in Resources */ = {isa = PBXBuildFile; fileRef = 247DC5AC1E8221C70005B489 /* image@2x.png */; };
		247DC5B71E8221C70005B489 /* pdf@2x.png in Resources */ = {isa = PBXBuildFile; fileRef = 247DC5AD1E8221C70005B489 /* pdf@2x.png */; };
		247DC5B81E8221C70005B489 /* PreviewTransitionViewController.xib in Resources */ = {isa = PBXBuildFile; fileRef = 247DC5AE1E8221C70005B489 /* PreviewTransitionViewController.xib */; };
		247DC5B91E8221C70005B489 /* WebviewPreviewViewContoller.xib in Resources */ = {isa = PBXBuildFile; fileRef = 247DC5AF1E8221C70005B489 /* WebviewPreviewViewContoller.xib */; };
		247DC5BA1E8221C70005B489 /* zip@2x.png in Resources */ = {isa = PBXBuildFile; fileRef = 247DC5B01E8221C70005B489 /* zip@2x.png */; };
		247DC5BF1E82449A0005B489 /* Blink 182 - All The Small Things.xml in Resources */ = {isa = PBXBuildFile; fileRef = 247DC5BC1E82449A0005B489 /* Blink 182 - All The Small Things.xml */; };
		247DC5C01E82449A0005B489 /* Green Day - When I Come Around v4.xml in Resources */ = {isa = PBXBuildFile; fileRef = 247DC5BD1E82449A0005B489 /* Green Day - When I Come Around v4.xml */; };
		247DC5C11E82449A0005B489 /* Traditional - Silent Night.xml in Resources */ = {isa = PBXBuildFile; fileRef = 247DC5BE1E82449A0005B489 /* Traditional - Silent Night.xml */; };
		247DC5C31E8254E40005B489 /* Session.swift in Sources */ = {isa = PBXBuildFile; fileRef = 247DC5C21E8254E30005B489 /* Session.swift */; };
		247DC5C51E8256340005B489 /* SWXMLHash.swift in Sources */ = {isa = PBXBuildFile; fileRef = 247DC5C41E8256340005B489 /* SWXMLHash.swift */; };
		24AFDB0A1E826FDA006713D5 /* MusicXMLPart.swift in Sources */ = {isa = PBXBuildFile; fileRef = 24AFDB091E826FDA006713D5 /* MusicXMLPart.swift */; };
		24F816121E6F38C30095ECA5 /* Request.swift in Sources */ = {isa = PBXBuildFile; fileRef = 24F816111E6F38C30095ECA5 /* Request.swift */; };
		24F816131E6F3E110095ECA5 /* SongSocket.swift in Sources */ = {isa = PBXBuildFile; fileRef = 24FDFD111E5F6D20006CDE78 /* SongSocket.swift */; };
		24F816141E6F3E220095ECA5 /* Request.swift in Sources */ = {isa = PBXBuildFile; fileRef = 24F816111E6F38C30095ECA5 /* Request.swift */; };
		24F816161E6F41E80095ECA5 /* SongSocket.swift in Sources */ = {isa = PBXBuildFile; fileRef = 24FDFD111E5F6D20006CDE78 /* SongSocket.swift */; };
		24F816171E6F42670095ECA5 /* ytcpsocket.swift in Sources */ = {isa = PBXBuildFile; fileRef = 24FDFD0D1E5F6C75006CDE78 /* ytcpsocket.swift */; };
		24F816181E6F426A0095ECA5 /* ysocket.swift in Sources */ = {isa = PBXBuildFile; fileRef = 24FDFD0B1E5F6C75006CDE78 /* ysocket.swift */; };
		24FA50421E81D6210099534C /* MainMenu.swift in Sources */ = {isa = PBXBuildFile; fileRef = 24FA50411E81D6210099534C /* MainMenu.swift */; };
		24FA50441E81EAFC0099534C /* UIErrorMessage.swift in Sources */ = {isa = PBXBuildFile; fileRef = 24FA50431E81EAFC0099534C /* UIErrorMessage.swift */; };
		24FDFCDD1E5F60BF006CDE78 /* AppDelegate.swift in Sources */ = {isa = PBXBuildFile; fileRef = 24FDFCDC1E5F60BF006CDE78 /* AppDelegate.swift */; };
		24FDFCE21E5F60BF006CDE78 /* Main.storyboard in Resources */ = {isa = PBXBuildFile; fileRef = 24FDFCE01E5F60BF006CDE78 /* Main.storyboard */; };
		24FDFCE41E5F60BF006CDE78 /* Assets.xcassets in Resources */ = {isa = PBXBuildFile; fileRef = 24FDFCE31E5F60BF006CDE78 /* Assets.xcassets */; };
		24FDFCE71E5F60BF006CDE78 /* LaunchScreen.storyboard in Resources */ = {isa = PBXBuildFile; fileRef = 24FDFCE51E5F60BF006CDE78 /* LaunchScreen.storyboard */; };
		24FDFCF21E5F60BF006CDE78 /* SongbookSocketTest.swift in Sources */ = {isa = PBXBuildFile; fileRef = 24FDFCF11E5F60BF006CDE78 /* SongbookSocketTest.swift */; };
		24FDFCFD1E5F60C0006CDE78 /* SongbookUITests.swift in Sources */ = {isa = PBXBuildFile; fileRef = 24FDFCFC1E5F60C0006CDE78 /* SongbookUITests.swift */; };
		24FDFD0E1E5F6C75006CDE78 /* ysocket.swift in Sources */ = {isa = PBXBuildFile; fileRef = 24FDFD0B1E5F6C75006CDE78 /* ysocket.swift */; };
		24FDFD0F1E5F6C75006CDE78 /* ytcpsocket.c in Sources */ = {isa = PBXBuildFile; fileRef = 24FDFD0C1E5F6C75006CDE78 /* ytcpsocket.c */; };
		24FDFD101E5F6C75006CDE78 /* ytcpsocket.swift in Sources */ = {isa = PBXBuildFile; fileRef = 24FDFD0D1E5F6C75006CDE78 /* ytcpsocket.swift */; };
/* End PBXBuildFile section */

/* Begin PBXContainerItemProxy section */
		24FDFCEE1E5F60BF006CDE78 /* PBXContainerItemProxy */ = {
			isa = PBXContainerItemProxy;
			containerPortal = 24FDFCD11E5F60BF006CDE78 /* Project object */;
			proxyType = 1;
			remoteGlobalIDString = 24FDFCD81E5F60BF006CDE78;
			remoteInfo = Songbook;
		};
		24FDFCF91E5F60C0006CDE78 /* PBXContainerItemProxy */ = {
			isa = PBXContainerItemProxy;
			containerPortal = 24FDFCD11E5F60BF006CDE78 /* Project object */;
			proxyType = 1;
			remoteGlobalIDString = 24FDFCD81E5F60BF006CDE78;
			remoteInfo = Songbook;
		};
/* End PBXContainerItemProxy section */

/* Begin PBXFileReference section */
		241EE4F11E9ED8FA00FA8408 /* SessionDraw.swift */ = {isa = PBXFileReference; fileEncoding = 4; lastKnownFileType = sourcecode.swift; path = SessionDraw.swift; sourceTree = "<group>"; };
		2439BEFC1E84BADD00FFB108 /* SessionMusicDisplay.swift */ = {isa = PBXFileReference; fileEncoding = 4; lastKnownFileType = sourcecode.swift; path = SessionMusicDisplay.swift; sourceTree = "<group>"; };
		245B535C1EB2547400E3EF8B /* Options.swift */ = {isa = PBXFileReference; fileEncoding = 4; lastKnownFileType = sourcecode.swift; path = Options.swift; sourceTree = "<group>"; };
		247B10861EB2684900D48BAA /* SongSelect.swift */ = {isa = PBXFileReference; fileEncoding = 4; lastKnownFileType = sourcecode.swift; path = SongSelect.swift; sourceTree = "<group>"; };
		247DC5891E8215730005B489 /* Lobby.swift */ = {isa = PBXFileReference; fileEncoding = 4; lastKnownFileType = sourcecode.swift; path = Lobby.swift; sourceTree = "<group>"; };
		247DC5901E821D590005B489 /* FBFile.swift */ = {isa = PBXFileReference; lastKnownFileType = sourcecode.swift; name = FBFile.swift; path = FileBrowser/FBFile.swift; sourceTree = "<group>"; };
		247DC5911E821D590005B489 /* FileBrowser.h */ = {isa = PBXFileReference; lastKnownFileType = sourcecode.c.h; name = FileBrowser.h; path = FileBrowser/FileBrowser.h; sourceTree = "<group>"; };
		247DC5921E821D590005B489 /* FileBrowser.swift */ = {isa = PBXFileReference; lastKnownFileType = sourcecode.swift; name = FileBrowser.swift; path = FileBrowser/FileBrowser.swift; sourceTree = "<group>"; };
		247DC5931E821D590005B489 /* FileListPreview.swift */ = {isa = PBXFileReference; lastKnownFileType = sourcecode.swift; name = FileListPreview.swift; path = FileBrowser/FileListPreview.swift; sourceTree = "<group>"; };
		247DC5941E821D590005B489 /* FileListSearch.swift */ = {isa = PBXFileReference; lastKnownFileType = sourcecode.swift; name = FileListSearch.swift; path = FileBrowser/FileListSearch.swift; sourceTree = "<group>"; };
		247DC5951E821D590005B489 /* FileListTableView.swift */ = {isa = PBXFileReference; lastKnownFileType = sourcecode.swift; name = FileListTableView.swift; path = FileBrowser/FileListTableView.swift; sourceTree = "<group>"; };
		247DC5961E821D590005B489 /* FileListViewController.swift */ = {isa = PBXFileReference; lastKnownFileType = sourcecode.swift; name = FileListViewController.swift; path = FileBrowser/FileListViewController.swift; sourceTree = "<group>"; };
		247DC5971E821D590005B489 /* FileParser.swift */ = {isa = PBXFileReference; lastKnownFileType = sourcecode.swift; name = FileParser.swift; path = FileBrowser/FileParser.swift; sourceTree = "<group>"; };
		247DC5981E821D590005B489 /* PreviewManager.swift */ = {isa = PBXFileReference; lastKnownFileType = sourcecode.swift; name = PreviewManager.swift; path = FileBrowser/PreviewManager.swift; sourceTree = "<group>"; };
		247DC5991E821D590005B489 /* PreviewTransitionViewController.swift */ = {isa = PBXFileReference; lastKnownFileType = sourcecode.swift; name = PreviewTransitionViewController.swift; path = FileBrowser/PreviewTransitionViewController.swift; sourceTree = "<group>"; };
		247DC59A1E821D590005B489 /* WebviewPreviewViewContoller.swift */ = {isa = PBXFileReference; lastKnownFileType = sourcecode.swift; name = WebviewPreviewViewContoller.swift; path = FileBrowser/WebviewPreviewViewContoller.swift; sourceTree = "<group>"; };
		247DC5A71E8221C70005B489 /* .DS_Store */ = {isa = PBXFileReference; lastKnownFileType = file; name = .DS_Store; path = FileBrowser/Resources/.DS_Store; sourceTree = "<group>"; };
		247DC5A81E8221C70005B489 /* documents@2x.png */ = {isa = PBXFileReference; lastKnownFileType = image.png; name = "documents@2x.png"; path = "FileBrowser/Resources/documents@2x.png"; sourceTree = "<group>"; };
		247DC5A91E8221C70005B489 /* file@2x.png */ = {isa = PBXFileReference; lastKnownFileType = image.png; name = "file@2x.png"; path = "FileBrowser/Resources/file@2x.png"; sourceTree = "<group>"; };
		247DC5AA1E8221C70005B489 /* FileBrowser.xib */ = {isa = PBXFileReference; fileEncoding = 4; lastKnownFileType = file.xib; name = FileBrowser.xib; path = FileBrowser/Resources/FileBrowser.xib; sourceTree = "<group>"; };
		247DC5AB1E8221C70005B489 /* folder@2x.png */ = {isa = PBXFileReference; lastKnownFileType = image.png; name = "folder@2x.png"; path = "FileBrowser/Resources/folder@2x.png"; sourceTree = "<group>"; };
		247DC5AC1E8221C70005B489 /* image@2x.png */ = {isa = PBXFileReference; lastKnownFileType = image.png; name = "image@2x.png"; path = "FileBrowser/Resources/image@2x.png"; sourceTree = "<group>"; };
		247DC5AD1E8221C70005B489 /* pdf@2x.png */ = {isa = PBXFileReference; lastKnownFileType = image.png; name = "pdf@2x.png"; path = "FileBrowser/Resources/pdf@2x.png"; sourceTree = "<group>"; };
		247DC5AE1E8221C70005B489 /* PreviewTransitionViewController.xib */ = {isa = PBXFileReference; fileEncoding = 4; lastKnownFileType = file.xib; name = PreviewTransitionViewController.xib; path = FileBrowser/Resources/PreviewTransitionViewController.xib; sourceTree = "<group>"; };
		247DC5AF1E8221C70005B489 /* WebviewPreviewViewContoller.xib */ = {isa = PBXFileReference; fileEncoding = 4; lastKnownFileType = file.xib; name = WebviewPreviewViewContoller.xib; path = FileBrowser/Resources/WebviewPreviewViewContoller.xib; sourceTree = "<group>"; };
		247DC5B01E8221C70005B489 /* zip@2x.png */ = {isa = PBXFileReference; lastKnownFileType = image.png; name = "zip@2x.png"; path = "FileBrowser/Resources/zip@2x.png"; sourceTree = "<group>"; };
		247DC5BC1E82449A0005B489 /* Blink 182 - All The Small Things.xml */ = {isa = PBXFileReference; fileEncoding = 4; lastKnownFileType = text.xml; name = "Blink 182 - All The Small Things.xml"; path = "SampleSongs/Blink 182 - All The Small Things.xml"; sourceTree = "<group>"; };
		247DC5BD1E82449A0005B489 /* Green Day - When I Come Around v4.xml */ = {isa = PBXFileReference; fileEncoding = 4; lastKnownFileType = text.xml; name = "Green Day - When I Come Around v4.xml"; path = "SampleSongs/Green Day - When I Come Around v4.xml"; sourceTree = "<group>"; };
		247DC5BE1E82449A0005B489 /* Traditional - Silent Night.xml */ = {isa = PBXFileReference; fileEncoding = 4; lastKnownFileType = text.xml; name = "Traditional - Silent Night.xml"; path = "SampleSongs/Traditional - Silent Night.xml"; sourceTree = "<group>"; };
		247DC5C21E8254E30005B489 /* Session.swift */ = {isa = PBXFileReference; fileEncoding = 4; lastKnownFileType = sourcecode.swift; path = Session.swift; sourceTree = "<group>"; };
		247DC5C41E8256340005B489 /* SWXMLHash.swift */ = {isa = PBXFileReference; fileEncoding = 4; lastKnownFileType = sourcecode.swift; path = SWXMLHash.swift; sourceTree = "<group>"; };
		24AFDB091E826FDA006713D5 /* MusicXMLPart.swift */ = {isa = PBXFileReference; fileEncoding = 4; lastKnownFileType = sourcecode.swift; path = MusicXMLPart.swift; sourceTree = "<group>"; };
		24F816111E6F38C30095ECA5 /* Request.swift */ = {isa = PBXFileReference; fileEncoding = 4; lastKnownFileType = sourcecode.swift; path = Request.swift; sourceTree = "<group>"; };
		24FA50411E81D6210099534C /* MainMenu.swift */ = {isa = PBXFileReference; fileEncoding = 4; lastKnownFileType = sourcecode.swift; path = MainMenu.swift; sourceTree = "<group>"; };
		24FA50431E81EAFC0099534C /* UIErrorMessage.swift */ = {isa = PBXFileReference; fileEncoding = 4; lastKnownFileType = sourcecode.swift; path = UIErrorMessage.swift; sourceTree = "<group>"; };
		24FDFCD91E5F60BF006CDE78 /* Songbook.app */ = {isa = PBXFileReference; explicitFileType = wrapper.application; includeInIndex = 0; path = Songbook.app; sourceTree = BUILT_PRODUCTS_DIR; };
		24FDFCDC1E5F60BF006CDE78 /* AppDelegate.swift */ = {isa = PBXFileReference; lastKnownFileType = sourcecode.swift; path = AppDelegate.swift; sourceTree = "<group>"; };
		24FDFCE11E5F60BF006CDE78 /* Base */ = {isa = PBXFileReference; lastKnownFileType = file.storyboard; name = Base; path = Base.lproj/Main.storyboard; sourceTree = "<group>"; };
		24FDFCE31E5F60BF006CDE78 /* Assets.xcassets */ = {isa = PBXFileReference; lastKnownFileType = folder.assetcatalog; path = Assets.xcassets; sourceTree = "<group>"; };
		24FDFCE61E5F60BF006CDE78 /* Base */ = {isa = PBXFileReference; lastKnownFileType = file.storyboard; name = Base; path = Base.lproj/LaunchScreen.storyboard; sourceTree = "<group>"; };
		24FDFCE81E5F60BF006CDE78 /* Info.plist */ = {isa = PBXFileReference; lastKnownFileType = text.plist.xml; path = Info.plist; sourceTree = "<group>"; };
		24FDFCED1E5F60BF006CDE78 /* SongbookTests.xctest */ = {isa = PBXFileReference; explicitFileType = wrapper.cfbundle; includeInIndex = 0; path = SongbookTests.xctest; sourceTree = BUILT_PRODUCTS_DIR; };
		24FDFCF11E5F60BF006CDE78 /* SongbookSocketTest.swift */ = {isa = PBXFileReference; lastKnownFileType = sourcecode.swift; path = SongbookSocketTest.swift; sourceTree = "<group>"; };
		24FDFCF31E5F60BF006CDE78 /* Info.plist */ = {isa = PBXFileReference; lastKnownFileType = text.plist.xml; path = Info.plist; sourceTree = "<group>"; };
		24FDFCF81E5F60C0006CDE78 /* SongbookUITests.xctest */ = {isa = PBXFileReference; explicitFileType = wrapper.cfbundle; includeInIndex = 0; path = SongbookUITests.xctest; sourceTree = BUILT_PRODUCTS_DIR; };
		24FDFCFC1E5F60C0006CDE78 /* SongbookUITests.swift */ = {isa = PBXFileReference; lastKnownFileType = sourcecode.swift; path = SongbookUITests.swift; sourceTree = "<group>"; };
		24FDFCFE1E5F60C0006CDE78 /* Info.plist */ = {isa = PBXFileReference; lastKnownFileType = text.plist.xml; path = Info.plist; sourceTree = "<group>"; };
		24FDFD0A1E5F6C73006CDE78 /* Songbook-Bridging-Header.h */ = {isa = PBXFileReference; lastKnownFileType = sourcecode.c.h; path = "Songbook-Bridging-Header.h"; sourceTree = "<group>"; };
		24FDFD0B1E5F6C75006CDE78 /* ysocket.swift */ = {isa = PBXFileReference; fileEncoding = 4; lastKnownFileType = sourcecode.swift; path = ysocket.swift; sourceTree = SOURCE_ROOT; };
		24FDFD0C1E5F6C75006CDE78 /* ytcpsocket.c */ = {isa = PBXFileReference; fileEncoding = 4; lastKnownFileType = sourcecode.c.c; path = ytcpsocket.c; sourceTree = SOURCE_ROOT; };
		24FDFD0D1E5F6C75006CDE78 /* ytcpsocket.swift */ = {isa = PBXFileReference; fileEncoding = 4; lastKnownFileType = sourcecode.swift; path = ytcpsocket.swift; sourceTree = SOURCE_ROOT; };
		24FDFD111E5F6D20006CDE78 /* SongSocket.swift */ = {isa = PBXFileReference; fileEncoding = 4; lastKnownFileType = sourcecode.swift; path = SongSocket.swift; sourceTree = "<group>"; };
/* End PBXFileReference section */

/* Begin PBXFrameworksBuildPhase section */
		24FDFCD61E5F60BF006CDE78 /* Frameworks */ = {
			isa = PBXFrameworksBuildPhase;
			buildActionMask = 2147483647;
			files = (
			);
			runOnlyForDeploymentPostprocessing = 0;
		};
		24FDFCEA1E5F60BF006CDE78 /* Frameworks */ = {
			isa = PBXFrameworksBuildPhase;
			buildActionMask = 2147483647;
			files = (
			);
			runOnlyForDeploymentPostprocessing = 0;
		};
		24FDFCF51E5F60C0006CDE78 /* Frameworks */ = {
			isa = PBXFrameworksBuildPhase;
			buildActionMask = 2147483647;
			files = (
			);
			runOnlyForDeploymentPostprocessing = 0;
		};
/* End PBXFrameworksBuildPhase section */

/* Begin PBXGroup section */
		247DC58E1E821CED0005B489 /* FileBrowser */ = {
			isa = PBXGroup;
			children = (
				247DC5901E821D590005B489 /* FBFile.swift */,
				247DC5911E821D590005B489 /* FileBrowser.h */,
				247DC5921E821D590005B489 /* FileBrowser.swift */,
				247DC5931E821D590005B489 /* FileListPreview.swift */,
				247DC5941E821D590005B489 /* FileListSearch.swift */,
				247DC5951E821D590005B489 /* FileListTableView.swift */,
				247DC5961E821D590005B489 /* FileListViewController.swift */,
				247DC5971E821D590005B489 /* FileParser.swift */,
				247DC5981E821D590005B489 /* PreviewManager.swift */,
				247DC5991E821D590005B489 /* PreviewTransitionViewController.swift */,
				247DC59A1E821D590005B489 /* WebviewPreviewViewContoller.swift */,
			);
			name = FileBrowser;
			sourceTree = "<group>";
		};
		247DC5A61E8221A50005B489 /* Resources */ = {
			isa = PBXGroup;
			children = (
				247DC5BC1E82449A0005B489 /* Blink 182 - All The Small Things.xml */,
				247DC5BD1E82449A0005B489 /* Green Day - When I Come Around v4.xml */,
				247DC5BE1E82449A0005B489 /* Traditional - Silent Night.xml */,
				247DC5A71E8221C70005B489 /* .DS_Store */,
				247DC5A81E8221C70005B489 /* documents@2x.png */,
				247DC5A91E8221C70005B489 /* file@2x.png */,
				247DC5AA1E8221C70005B489 /* FileBrowser.xib */,
				247DC5AB1E8221C70005B489 /* folder@2x.png */,
				247DC5AC1E8221C70005B489 /* image@2x.png */,
				247DC5AD1E8221C70005B489 /* pdf@2x.png */,
				247DC5AE1E8221C70005B489 /* PreviewTransitionViewController.xib */,
				247DC5AF1E8221C70005B489 /* WebviewPreviewViewContoller.xib */,
				247DC5B01E8221C70005B489 /* zip@2x.png */,
			);
			name = Resources;
			sourceTree = "<group>";
		};
		247DC5BB1E8223C80005B489 /* SongSocket */ = {
			isa = PBXGroup;
			children = (
				24FDFD0B1E5F6C75006CDE78 /* ysocket.swift */,
				24FDFD0C1E5F6C75006CDE78 /* ytcpsocket.c */,
				24FDFD0D1E5F6C75006CDE78 /* ytcpsocket.swift */,
				24FDFD111E5F6D20006CDE78 /* SongSocket.swift */,
				24F816111E6F38C30095ECA5 /* Request.swift */,
			);
			name = SongSocket;
			sourceTree = "<group>";
		};
		24FDFCD01E5F60BF006CDE78 = {
			isa = PBXGroup;
			children = (
				24FDFCDB1E5F60BF006CDE78 /* Songbook */,
				24FDFCF01E5F60BF006CDE78 /* SongbookTests */,
				24FDFCFB1E5F60C0006CDE78 /* SongbookUITests */,
				24FDFCDA1E5F60BF006CDE78 /* Products */,
			);
			sourceTree = "<group>";
		};
		24FDFCDA1E5F60BF006CDE78 /* Products */ = {
			isa = PBXGroup;
			children = (
				24FDFCD91E5F60BF006CDE78 /* Songbook.app */,
				24FDFCED1E5F60BF006CDE78 /* SongbookTests.xctest */,
				24FDFCF81E5F60C0006CDE78 /* SongbookUITests.xctest */,
			);
			name = Products;
			sourceTree = "<group>";
		};
		24FDFCDB1E5F60BF006CDE78 /* Songbook */ = {
			isa = PBXGroup;
			children = (
				247DC5BB1E8223C80005B489 /* SongSocket */,
				247DC5A61E8221A50005B489 /* Resources */,
				247DC58E1E821CED0005B489 /* FileBrowser */,
				24FDFCDC1E5F60BF006CDE78 /* AppDelegate.swift */,
				247B10861EB2684900D48BAA /* SongSelect.swift */,
				24FDFCE01E5F60BF006CDE78 /* Main.storyboard */,
				24FDFCE31E5F60BF006CDE78 /* Assets.xcassets */,
				245B535C1EB2547400E3EF8B /* Options.swift */,
				24FDFCE51E5F60BF006CDE78 /* LaunchScreen.storyboard */,
				247DC5C41E8256340005B489 /* SWXMLHash.swift */,
				24FDFCE81E5F60BF006CDE78 /* Info.plist */,
				24FDFD0A1E5F6C73006CDE78 /* Songbook-Bridging-Header.h */,
				24FA50431E81EAFC0099534C /* UIErrorMessage.swift */,
				24FA50411E81D6210099534C /* MainMenu.swift */,
				241EE4F11E9ED8FA00FA8408 /* SessionDraw.swift */,
				247DC5891E8215730005B489 /* Lobby.swift */,
				247DC5C21E8254E30005B489 /* Session.swift */,
				2439BEFC1E84BADD00FFB108 /* SessionMusicDisplay.swift */,
				24AFDB091E826FDA006713D5 /* MusicXMLPart.swift */,
			);
			path = Songbook;
			sourceTree = "<group>";
		};
		24FDFCF01E5F60BF006CDE78 /* SongbookTests */ = {
			isa = PBXGroup;
			children = (
				24FDFCF11E5F60BF006CDE78 /* SongbookSocketTest.swift */,
				24FDFCF31E5F60BF006CDE78 /* Info.plist */,
			);
			path = SongbookTests;
			sourceTree = "<group>";
		};
		24FDFCFB1E5F60C0006CDE78 /* SongbookUITests */ = {
			isa = PBXGroup;
			children = (
				24FDFCFC1E5F60C0006CDE78 /* SongbookUITests.swift */,
				24FDFCFE1E5F60C0006CDE78 /* Info.plist */,
			);
			path = SongbookUITests;
			sourceTree = "<group>";
		};
/* End PBXGroup section */

/* Begin PBXNativeTarget section */
		24FDFCD81E5F60BF006CDE78 /* Songbook */ = {
			isa = PBXNativeTarget;
			buildConfigurationList = 24FDFD011E5F60C0006CDE78 /* Build configuration list for PBXNativeTarget "Songbook" */;
			buildPhases = (
				24FDFCD51E5F60BF006CDE78 /* Sources */,
				24FDFCD61E5F60BF006CDE78 /* Frameworks */,
				24FDFCD71E5F60BF006CDE78 /* Resources */,
			);
			buildRules = (
			);
			dependencies = (
			);
			name = Songbook;
			productName = Songbook;
			productReference = 24FDFCD91E5F60BF006CDE78 /* Songbook.app */;
			productType = "com.apple.product-type.application";
		};
		24FDFCEC1E5F60BF006CDE78 /* SongbookTests */ = {
			isa = PBXNativeTarget;
			buildConfigurationList = 24FDFD041E5F60C0006CDE78 /* Build configuration list for PBXNativeTarget "SongbookTests" */;
			buildPhases = (
				24FDFCE91E5F60BF006CDE78 /* Sources */,
				24FDFCEA1E5F60BF006CDE78 /* Frameworks */,
				24FDFCEB1E5F60BF006CDE78 /* Resources */,
			);
			buildRules = (
			);
			dependencies = (
				24FDFCEF1E5F60BF006CDE78 /* PBXTargetDependency */,
			);
			name = SongbookTests;
			productName = SongbookTests;
			productReference = 24FDFCED1E5F60BF006CDE78 /* SongbookTests.xctest */;
			productType = "com.apple.product-type.bundle.unit-test";
		};
		24FDFCF71E5F60C0006CDE78 /* SongbookUITests */ = {
			isa = PBXNativeTarget;
			buildConfigurationList = 24FDFD071E5F60C0006CDE78 /* Build configuration list for PBXNativeTarget "SongbookUITests" */;
			buildPhases = (
				24FDFCF41E5F60C0006CDE78 /* Sources */,
				24FDFCF51E5F60C0006CDE78 /* Frameworks */,
				24FDFCF61E5F60C0006CDE78 /* Resources */,
			);
			buildRules = (
			);
			dependencies = (
				24FDFCFA1E5F60C0006CDE78 /* PBXTargetDependency */,
			);
			name = SongbookUITests;
			productName = SongbookUITests;
			productReference = 24FDFCF81E5F60C0006CDE78 /* SongbookUITests.xctest */;
			productType = "com.apple.product-type.bundle.ui-testing";
		};
/* End PBXNativeTarget section */

/* Begin PBXProject section */
		24FDFCD11E5F60BF006CDE78 /* Project object */ = {
			isa = PBXProject;
			attributes = {
				LastSwiftUpdateCheck = 0800;
				LastUpgradeCheck = 0800;
				ORGANIZATIONNAME = NeutralSpace;
				TargetAttributes = {
					24FDFCD81E5F60BF006CDE78 = {
						CreatedOnToolsVersion = 8.0;
						LastSwiftMigration = 0800;
						ProvisioningStyle = Automatic;
					};
					24FDFCEC1E5F60BF006CDE78 = {
						CreatedOnToolsVersion = 8.0;
						ProvisioningStyle = Automatic;
						TestTargetID = 24FDFCD81E5F60BF006CDE78;
					};
					24FDFCF71E5F60C0006CDE78 = {
						CreatedOnToolsVersion = 8.0;
						ProvisioningStyle = Automatic;
						TestTargetID = 24FDFCD81E5F60BF006CDE78;
					};
				};
			};
			buildConfigurationList = 24FDFCD41E5F60BF006CDE78 /* Build configuration list for PBXProject "Songbook" */;
			compatibilityVersion = "Xcode 3.2";
			developmentRegion = English;
			hasScannedForEncodings = 0;
			knownRegions = (
				en,
				Base,
			);
			mainGroup = 24FDFCD01E5F60BF006CDE78;
			productRefGroup = 24FDFCDA1E5F60BF006CDE78 /* Products */;
			projectDirPath = "";
			projectRoot = "";
			targets = (
				24FDFCD81E5F60BF006CDE78 /* Songbook */,
				24FDFCEC1E5F60BF006CDE78 /* SongbookTests */,
				24FDFCF71E5F60C0006CDE78 /* SongbookUITests */,
			);
		};
/* End PBXProject section */

/* Begin PBXResourcesBuildPhase section */
		24FDFCD71E5F60BF006CDE78 /* Resources */ = {
			isa = PBXResourcesBuildPhase;
			buildActionMask = 2147483647;
			files = (
				247DC5B91E8221C70005B489 /* WebviewPreviewViewContoller.xib in Resources */,
				247DC5B61E8221C70005B489 /* image@2x.png in Resources */,
				247DC5B71E8221C70005B489 /* pdf@2x.png in Resources */,
				24FDFCE71E5F60BF006CDE78 /* LaunchScreen.storyboard in Resources */,
				24FDFCE41E5F60BF006CDE78 /* Assets.xcassets in Resources */,
				247DC5B21E8221C70005B489 /* documents@2x.png in Resources */,
				247DC5C01E82449A0005B489 /* Green Day - When I Come Around v4.xml in Resources */,
				247DC5BA1E8221C70005B489 /* zip@2x.png in Resources */,
				247DC5BF1E82449A0005B489 /* Blink 182 - All The Small Things.xml in Resources */,
				247DC5B11E8221C70005B489 /* .DS_Store in Resources */,
				247DC5B81E8221C70005B489 /* PreviewTransitionViewController.xib in Resources */,
				247DC5B41E8221C70005B489 /* FileBrowser.xib in Resources */,
				247DC5B31E8221C70005B489 /* file@2x.png in Resources */,
				247DC5B51E8221C70005B489 /* folder@2x.png in Resources */,
				247DC5C11E82449A0005B489 /* Traditional - Silent Night.xml in Resources */,
				24FDFCE21E5F60BF006CDE78 /* Main.storyboard in Resources */,
			);
			runOnlyForDeploymentPostprocessing = 0;
		};
		24FDFCEB1E5F60BF006CDE78 /* Resources */ = {
			isa = PBXResourcesBuildPhase;
			buildActionMask = 2147483647;
			files = (
			);
			runOnlyForDeploymentPostprocessing = 0;
		};
		24FDFCF61E5F60C0006CDE78 /* Resources */ = {
			isa = PBXResourcesBuildPhase;
			buildActionMask = 2147483647;
			files = (
			);
			runOnlyForDeploymentPostprocessing = 0;
		};
/* End PBXResourcesBuildPhase section */

/* Begin PBXSourcesBuildPhase section */
		24FDFCD51E5F60BF006CDE78 /* Sources */ = {
			isa = PBXSourcesBuildPhase;
			buildActionMask = 2147483647;
			files = (
				247DC59B1E821D590005B489 /* FBFile.swift in Sources */,
				247DC59C1E821D590005B489 /* FileBrowser.h in Sources */,
				247DC59D1E821D590005B489 /* FileBrowser.swift in Sources */,
				247DC59E1E821D590005B489 /* FileListPreview.swift in Sources */,
				245B535D1EB2547400E3EF8B /* Options.swift in Sources */,
				247DC59F1E821D590005B489 /* FileListSearch.swift in Sources */,
				247DC5A01E821D590005B489 /* FileListTableView.swift in Sources */,
				2439BEFD1E84BADD00FFB108 /* SessionMusicDisplay.swift in Sources */,
				247DC5A11E821D590005B489 /* FileListViewController.swift in Sources */,
				247DC5A21E821D590005B489 /* FileParser.swift in Sources */,
				247DC5A31E821D590005B489 /* PreviewManager.swift in Sources */,
				241EE4F21E9ED8FA00FA8408 /* SessionDraw.swift in Sources */,
				247DC5A41E821D590005B489 /* PreviewTransitionViewController.swift in Sources */,
				247DC5A51E821D590005B489 /* WebviewPreviewViewContoller.swift in Sources */,
				24FDFD0E1E5F6C75006CDE78 /* ysocket.swift in Sources */,
				24FDFD0F1E5F6C75006CDE78 /* ytcpsocket.c in Sources */,
				24FA50441E81EAFC0099534C /* UIErrorMessage.swift in Sources */,
				24FA50421E81D6210099534C /* MainMenu.swift in Sources */,
				24FDFCDD1E5F60BF006CDE78 /* AppDelegate.swift in Sources */,
				247DC58A1E8215730005B489 /* Lobby.swift in Sources */,
				247DC5C31E8254E40005B489 /* Session.swift in Sources */,
				247B10871EB2684900D48BAA /* SongSelect.swift in Sources */,
				247DC5C51E8256340005B489 /* SWXMLHash.swift in Sources */,
				24F816121E6F38C30095ECA5 /* Request.swift in Sources */,
				24F816161E6F41E80095ECA5 /* SongSocket.swift in Sources */,
				24AFDB0A1E826FDA006713D5 /* MusicXMLPart.swift in Sources */,
				24FDFD101E5F6C75006CDE78 /* ytcpsocket.swift in Sources */,
			);
			runOnlyForDeploymentPostprocessing = 0;
		};
		24FDFCE91E5F60BF006CDE78 /* Sources */ = {
			isa = PBXSourcesBuildPhase;
			buildActionMask = 2147483647;
			files = (
				24F816171E6F42670095ECA5 /* ytcpsocket.swift in Sources */,
				24FDFCF21E5F60BF006CDE78 /* SongbookSocketTest.swift in Sources */,
				24F816141E6F3E220095ECA5 /* Request.swift in Sources */,
				24F816181E6F426A0095ECA5 /* ysocket.swift in Sources */,
				24F816131E6F3E110095ECA5 /* SongSocket.swift in Sources */,
			);
			runOnlyForDeploymentPostprocessing = 0;
		};
		24FDFCF41E5F60C0006CDE78 /* Sources */ = {
			isa = PBXSourcesBuildPhase;
			buildActionMask = 2147483647;
			files = (
				24FDFCFD1E5F60C0006CDE78 /* SongbookUITests.swift in Sources */,
			);
			runOnlyForDeploymentPostprocessing = 0;
		};
/* End PBXSourcesBuildPhase section */

/* Begin PBXTargetDependency section */
		24FDFCEF1E5F60BF006CDE78 /* PBXTargetDependency */ = {
			isa = PBXTargetDependency;
			target = 24FDFCD81E5F60BF006CDE78 /* Songbook */;
			targetProxy = 24FDFCEE1E5F60BF006CDE78 /* PBXContainerItemProxy */;
		};
		24FDFCFA1E5F60C0006CDE78 /* PBXTargetDependency */ = {
			isa = PBXTargetDependency;
			target = 24FDFCD81E5F60BF006CDE78 /* Songbook */;
			targetProxy = 24FDFCF91E5F60C0006CDE78 /* PBXContainerItemProxy */;
		};
/* End PBXTargetDependency section */

/* Begin PBXVariantGroup section */
		24FDFCE01E5F60BF006CDE78 /* Main.storyboard */ = {
			isa = PBXVariantGroup;
			children = (
				24FDFCE11E5F60BF006CDE78 /* Base */,
			);
			name = Main.storyboard;
			sourceTree = "<group>";
		};
		24FDFCE51E5F60BF006CDE78 /* LaunchScreen.storyboard */ = {
			isa = PBXVariantGroup;
			children = (
				24FDFCE61E5F60BF006CDE78 /* Base */,
			);
			name = LaunchScreen.storyboard;
			sourceTree = "<group>";
		};
/* End PBXVariantGroup section */

/* Begin XCBuildConfiguration section */
		24FDFCFF1E5F60C0006CDE78 /* Debug */ = {
			isa = XCBuildConfiguration;
			buildSettings = {
				ALWAYS_SEARCH_USER_PATHS = NO;
				CLANG_ANALYZER_NONNULL = YES;
				CLANG_CXX_LANGUAGE_STANDARD = "gnu++0x";
				CLANG_CXX_LIBRARY = "libc++";
				CLANG_ENABLE_MODULES = YES;
				CLANG_ENABLE_OBJC_ARC = YES;
				CLANG_WARN_BOOL_CONVERSION = YES;
				CLANG_WARN_CONSTANT_CONVERSION = YES;
				CLANG_WARN_DIRECT_OBJC_ISA_USAGE = YES_ERROR;
				CLANG_WARN_DOCUMENTATION_COMMENTS = YES;
				CLANG_WARN_EMPTY_BODY = YES;
				CLANG_WARN_ENUM_CONVERSION = YES;
				CLANG_WARN_INFINITE_RECURSION = YES;
				CLANG_WARN_INT_CONVERSION = YES;
				CLANG_WARN_OBJC_ROOT_CLASS = YES_ERROR;
				CLANG_WARN_SUSPICIOUS_MOVES = YES;
				CLANG_WARN_UNREACHABLE_CODE = YES;
				CLANG_WARN__DUPLICATE_METHOD_MATCH = YES;
				"CODE_SIGN_IDENTITY[sdk=iphoneos*]" = "iPhone Developer";
				COPY_PHASE_STRIP = NO;
				DEBUG_INFORMATION_FORMAT = dwarf;
				ENABLE_STRICT_OBJC_MSGSEND = YES;
				ENABLE_TESTABILITY = YES;
				GCC_C_LANGUAGE_STANDARD = gnu99;
				GCC_DYNAMIC_NO_PIC = NO;
				GCC_NO_COMMON_BLOCKS = YES;
				GCC_OPTIMIZATION_LEVEL = 0;
				GCC_PREPROCESSOR_DEFINITIONS = (
					"DEBUG=1",
					"$(inherited)",
				);
				GCC_WARN_64_TO_32_BIT_CONVERSION = YES;
				GCC_WARN_ABOUT_RETURN_TYPE = YES_ERROR;
				GCC_WARN_UNDECLARED_SELECTOR = YES;
				GCC_WARN_UNINITIALIZED_AUTOS = YES_AGGRESSIVE;
				GCC_WARN_UNUSED_FUNCTION = YES;
				GCC_WARN_UNUSED_VARIABLE = YES;
				IPHONEOS_DEPLOYMENT_TARGET = 10.0;
				MTL_ENABLE_DEBUG_INFO = YES;
				ONLY_ACTIVE_ARCH = YES;
				SDKROOT = iphoneos;
				SWIFT_ACTIVE_COMPILATION_CONDITIONS = DEBUG;
				SWIFT_OPTIMIZATION_LEVEL = "-Onone";
			};
			name = Debug;
		};
		24FDFD001E5F60C0006CDE78 /* Release */ = {
			isa = XCBuildConfiguration;
			buildSettings = {
				ALWAYS_SEARCH_USER_PATHS = NO;
				CLANG_ANALYZER_NONNULL = YES;
				CLANG_CXX_LANGUAGE_STANDARD = "gnu++0x";
				CLANG_CXX_LIBRARY = "libc++";
				CLANG_ENABLE_MODULES = YES;
				CLANG_ENABLE_OBJC_ARC = YES;
				CLANG_WARN_BOOL_CONVERSION = YES;
				CLANG_WARN_CONSTANT_CONVERSION = YES;
				CLANG_WARN_DIRECT_OBJC_ISA_USAGE = YES_ERROR;
				CLANG_WARN_DOCUMENTATION_COMMENTS = YES;
				CLANG_WARN_EMPTY_BODY = YES;
				CLANG_WARN_ENUM_CONVERSION = YES;
				CLANG_WARN_INFINITE_RECURSION = YES;
				CLANG_WARN_INT_CONVERSION = YES;
				CLANG_WARN_OBJC_ROOT_CLASS = YES_ERROR;
				CLANG_WARN_SUSPICIOUS_MOVES = YES;
				CLANG_WARN_UNREACHABLE_CODE = YES;
				CLANG_WARN__DUPLICATE_METHOD_MATCH = YES;
				"CODE_SIGN_IDENTITY[sdk=iphoneos*]" = "iPhone Developer";
				COPY_PHASE_STRIP = NO;
				DEBUG_INFORMATION_FORMAT = "dwarf-with-dsym";
				ENABLE_NS_ASSERTIONS = NO;
				ENABLE_STRICT_OBJC_MSGSEND = YES;
				GCC_C_LANGUAGE_STANDARD = gnu99;
				GCC_NO_COMMON_BLOCKS = YES;
				GCC_WARN_64_TO_32_BIT_CONVERSION = YES;
				GCC_WARN_ABOUT_RETURN_TYPE = YES_ERROR;
				GCC_WARN_UNDECLARED_SELECTOR = YES;
				GCC_WARN_UNINITIALIZED_AUTOS = YES_AGGRESSIVE;
				GCC_WARN_UNUSED_FUNCTION = YES;
				GCC_WARN_UNUSED_VARIABLE = YES;
				IPHONEOS_DEPLOYMENT_TARGET = 10.0;
				MTL_ENABLE_DEBUG_INFO = NO;
				SDKROOT = iphoneos;
				SWIFT_OPTIMIZATION_LEVEL = "-Owholemodule";
				VALIDATE_PRODUCT = YES;
			};
			name = Release;
		};
		24FDFD021E5F60C0006CDE78 /* Debug */ = {
			isa = XCBuildConfiguration;
			buildSettings = {
				ASSETCATALOG_COMPILER_APPICON_NAME = AppIcon;
				CLANG_ENABLE_MODULES = YES;
				DEFINES_MODULE = NO;
				ENABLE_TESTABILITY = YES;
				INFOPLIST_FILE = Songbook/Info.plist;
				LD_RUNPATH_SEARCH_PATHS = "$(inherited) @executable_path/Frameworks";
				PRODUCT_BUNDLE_IDENTIFIER = com.NeutralSpace.Songbook;
				PRODUCT_NAME = "$(TARGET_NAME)";
				SWIFT_OBJC_BRIDGING_HEADER = "Songbook/Songbook-Bridging-Header.h";
				SWIFT_OPTIMIZATION_LEVEL = "-Onone";
				SWIFT_VERSION = 3.0;
			};
			name = Debug;
		};
		24FDFD031E5F60C0006CDE78 /* Release */ = {
			isa = XCBuildConfiguration;
			buildSettings = {
				ASSETCATALOG_COMPILER_APPICON_NAME = AppIcon;
				CLANG_ENABLE_MODULES = YES;
				DEFINES_MODULE = NO;
				ENABLE_TESTABILITY = YES;
				INFOPLIST_FILE = Songbook/Info.plist;
				LD_RUNPATH_SEARCH_PATHS = "$(inherited) @executable_path/Frameworks";
				PRODUCT_BUNDLE_IDENTIFIER = com.NeutralSpace.Songbook;
				PRODUCT_NAME = "$(TARGET_NAME)";
				SWIFT_OBJC_BRIDGING_HEADER = "Songbook/Songbook-Bridging-Header.h";
				SWIFT_VERSION = 3.0;
			};
			name = Release;
		};
		24FDFD051E5F60C0006CDE78 /* Debug */ = {
			isa = XCBuildConfiguration;
			buildSettings = {
				ALWAYS_EMBED_SWIFT_STANDARD_LIBRARIES = YES;
				BUNDLE_LOADER = "$(TEST_HOST)";
				INFOPLIST_FILE = SongbookTests/Info.plist;
				LD_RUNPATH_SEARCH_PATHS = "$(inherited) @executable_path/Frameworks @loader_path/Frameworks";
				PRODUCT_BUNDLE_IDENTIFIER = com.NeutralSpace.SongbookTests;
				PRODUCT_NAME = "$(TARGET_NAME)";
				SWIFT_VERSION = 3.0;
				TEST_HOST = "$(BUILT_PRODUCTS_DIR)/Songbook.app/Songbook";
			};
			name = Debug;
		};
		24FDFD061E5F60C0006CDE78 /* Release */ = {
			isa = XCBuildConfiguration;
			buildSettings = {
				ALWAYS_EMBED_SWIFT_STANDARD_LIBRARIES = YES;
				BUNDLE_LOADER = "$(TEST_HOST)";
				INFOPLIST_FILE = SongbookTests/Info.plist;
				LD_RUNPATH_SEARCH_PATHS = "$(inherited) @executable_path/Frameworks @loader_path/Frameworks";
				PRODUCT_BUNDLE_IDENTIFIER = com.NeutralSpace.SongbookTests;
				PRODUCT_NAME = "$(TARGET_NAME)";
				SWIFT_VERSION = 3.0;
				TEST_HOST = "$(BUILT_PRODUCTS_DIR)/Songbook.app/Songbook";
			};
			name = Release;
		};
		24FDFD081E5F60C0006CDE78 /* Debug */ = {
			isa = XCBuildConfiguration;
			buildSettings = {
				ALWAYS_EMBED_SWIFT_STANDARD_LIBRARIES = YES;
				INFOPLIST_FILE = SongbookUITests/Info.plist;
				LD_RUNPATH_SEARCH_PATHS = "$(inherited) @executable_path/Frameworks @loader_path/Frameworks";
				PRODUCT_BUNDLE_IDENTIFIER = com.NeutralSpace.SongbookUITests;
				PRODUCT_NAME = "$(TARGET_NAME)";
				SWIFT_VERSION = 3.0;
				TEST_TARGET_NAME = Songbook;
			};
			name = Debug;
		};
		24FDFD091E5F60C0006CDE78 /* Release */ = {
			isa = XCBuildConfiguration;
			buildSettings = {
				ALWAYS_EMBED_SWIFT_STANDARD_LIBRARIES = YES;
				INFOPLIST_FILE = SongbookUITests/Info.plist;
				LD_RUNPATH_SEARCH_PATHS = "$(inherited) @executable_path/Frameworks @loader_path/Frameworks";
				PRODUCT_BUNDLE_IDENTIFIER = com.NeutralSpace.SongbookUITests;
				PRODUCT_NAME = "$(TARGET_NAME)";
				SWIFT_VERSION = 3.0;
				TEST_TARGET_NAME = Songbook;
			};
			name = Release;
		};
/* End XCBuildConfiguration section */

/* Begin XCConfigurationList section */
		24FDFCD41E5F60BF006CDE78 /* Build configuration list for PBXProject "Songbook" */ = {
			isa = XCConfigurationList;
			buildConfigurations = (
				24FDFCFF1E5F60C0006CDE78 /* Debug */,
				24FDFD001E5F60C0006CDE78 /* Release */,
			);
			defaultConfigurationIsVisible = 0;
			defaultConfigurationName = Release;
		};
		24FDFD011E5F60C0006CDE78 /* Build configuration list for PBXNativeTarget "Songbook" */ = {
			isa = XCConfigurationList;
			buildConfigurations = (
				24FDFD021E5F60C0006CDE78 /* Debug */,
				24FDFD031E5F60C0006CDE78 /* Release */,
			);
			defaultConfigurationIsVisible = 0;
			defaultConfigurationName = Release;
		};
		24FDFD041E5F60C0006CDE78 /* Build configuration list for PBXNativeTarget "SongbookTests" */ = {
			isa = XCConfigurationList;
			buildConfigurations = (
				24FDFD051E5F60C0006CDE78 /* Debug */,
				24FDFD061E5F60C0006CDE78 /* Release */,
			);
			defaultConfigurationIsVisible = 0;
			defaultConfigurationName = Release;
		};
		24FDFD071E5F60C0006CDE78 /* Build configuration list for PBXNativeTarget "SongbookUITests" */ = {
			isa = XCConfigurationList;
			buildConfigurations = (
				24FDFD081E5F60C0006CDE78 /* Debug */,
				24FDFD091E5F60C0006CDE78 /* Release */,
			);
			defaultConfigurationIsVisible = 0;
			defaultConfigurationName = Release;
		};
/* End XCConfigurationList section */
	};
	rootObject = 24FDFCD11E5F60BF006CDE78 /* Project object */;
}
